[[package]]
category = "main"
description = "ASGI specs, helper code, and adapters"
name = "asgiref"
optional = false
python-versions = ">=3.5"
version = "3.2.7"

[[package]]
category = "main"
description = "A high-level Python Web framework that encourages rapid development and clean, pragmatic design."
name = "django"
optional = false
python-versions = ">=3.6"
version = "3.0.5"

[package.dependencies]
asgiref = ">=3.2,<4.0"
pytz = "*"
sqlparse = ">=0.2.2"

[[package]]
category = "main"
description = "World timezone definitions, modern and historical"
name = "pytz"
optional = false
python-versions = "*"
version = "2019.3"

[[package]]
category = "main"
description = "Non-validating SQL parser"
name = "sqlparse"
optional = false
python-versions = ">=2.7, !=3.0.*, !=3.1.*, !=3.2.*, !=3.3.*"
version = "0.3.1"

[metadata]
content-hash = "18ba817c3f6385790f51763096ffe6cf4d618f9183b03d9c056d919f23bed235"
python-versions = "^3.7"

[metadata.hashes]
asgiref = ["8036f90603c54e93521e5777b2b9a39ba1bad05773fcf2d208f0299d1df58ce5", "9ca8b952a0a9afa61d30aa6d3d9b570bb3fd6bafcf7ec9e6bed43b936133db1c"]
django = ["642d8eceab321ca743ae71e0f985ff8fdca59f07aab3a9fb362c617d23e33a76", "d4666c2edefa38c5ede0ec1655424c56dc47ceb04b6d8d62a7eac09db89545c1"]
pytz = ["1c557d7d0e871de1f5ccd5833f60fb2550652da6be2693c1e02300743d21500d", "b02c06db6cf09c12dd25137e563b31700d3b80fcc4ad23abb7a315f2789819be"]
sqlparse = ["022fb9c87b524d1f7862b3037e541f68597a730a8843245c349fc93e1643dc4e", "e162203737712307dfe78860cc56c8da8a852ab2ee33750e33aeadf38d12c548"]
